dependencies:
- name: node-feature-discovery
  repository: oci://registry.k8s.io/nfd/charts
  version: 0.18.3
- name: gpu-operator
  repository: https://helm.ngc.nvidia.com/nvidia
  version: v26.3.2
- name: kube-prometheus-stack
  repository: oci://ghcr.io/prometheus-community/charts
  version: 85.4.0
- name: agentgateway-crds
  repository: oci://cr.agentgateway.dev/charts
  version: v1.3.0
- name: agentgateway
  repository: oci://cr.agentgateway.dev/charts
  version: v1.3.0
digest: sha256:fc12f3c1fc3b9c0f546bad96980a9585b2803a4e6e99d7620a68db403dd21c30
generated: "2026-06-22T11:28:20.83473987Z"
