dependencies:
- name: node-feature-discovery
  repository: oci://registry.k8s.io/nfd/charts
  version: 0.18.3
- name: gpu-operator
  repository: https://helm.ngc.nvidia.com/nvidia
  version: v26.3.3
- name: kube-prometheus-stack
  repository: oci://ghcr.io/prometheus-community/charts
  version: 87.2.1
- name: agentgateway-crds
  repository: oci://cr.agentgateway.dev/charts
  version: v1.3.1
- name: agentgateway
  repository: oci://cr.agentgateway.dev/charts
  version: v1.3.1
digest: sha256:9c34c21b8804e4b329450381b66afabe6a4b05e33da8f7ac7b1c38c4c1e6b61a
generated: "2026-06-26T08:55:18.590235979Z"
