version: v1.5.2
dependencies:
  - name: gpu-operator
    repository: https://helm.ngc.nvidia.com/nvidia
    version: v26.3.3
  - name: open-webui
    repository: https://helm.openwebui.com/
    version: 14.11.0
digest: sha256:8ccb61fee14e6e13637478a89991985ed3d47df0db7f54b0ef496bb80a1ef1d8
generated: "2026-06-29T18:34:42.568269+02:00"
